// !$*UTF8*$!
{
	archiveVersion = 1;
	classes = {
	};
	objectVersion = 56;
	objects = {

/* Begin PBXBuildFile section */
		02186A972AD5FE4900230740 /* AppDelegate.swift in Sources */ = {isa = PBXBuildFile; fileRef = 02186A962AD5FE4900230740 /* AppDelegate.swift */; };
		02186A992AD5FE4900230740 /* SceneDelegate.swift in Sources */ = {isa = PBXBuildFile; fileRef = 02186A982AD5FE4900230740 /* SceneDelegate.swift */; };
		02186A9B2AD5FE4900230740 /* ViewController.swift in Sources */ = {isa = PBXBuildFile; fileRef = 02186A9A2AD5FE4900230740 /* ViewController.swift */; };
		02186A9E2AD5FE4900230740 /* Main.storyboard in Resources */ = {isa = PBXBuildFile; fileRef = 02186A9C2AD5FE4900230740 /* Main.storyboard */; };
		02186AA02AD5FE4A00230740 /* Assets.xcassets in Resources */ = {isa = PBXBuildFile; fileRef = 02186A9F2AD5FE4A00230740 /* Assets.xcassets */; };
		02186AA32AD5FE4A00230740 /* LaunchScreen.storyboard in Resources */ = {isa = PBXBuildFile; fileRef = 02186AA12AD5FE4A00230740 /* LaunchScreen.storyboard */; };
		02186AAE2AD5FE4A00230740 /* GarbageCalculatorTests.swift in Sources */ = {isa = PBXBuildFile; fileRef = 02186AAD2AD5FE4A00230740 /* GarbageCalculatorTests.swift */; };
		02186AB82AD5FE4A00230740 /* GarbageCalculatorUITests.swift in Sources */ = {isa = PBXBuildFile; fileRef = 02186AB72AD5FE4A00230740 /* GarbageCalculatorUITests.swift */; };
		02186ABA2AD5FE4A00230740 /* GarbageCalculatorUITestsLaunchTests.swift in Sources */ = {isa = PBXBuildFile; fileRef = 02186AB92AD5FE4A00230740 /* GarbageCalculatorUITestsLaunchTests.swift */; };
/* End PBXBuildFile section */

/* Begin PBXContainerItemProxy section */
		02186AAA2AD5FE4A00230740 /* PBXContainerItemProxy */ = {
			isa = PBXContainerItemProxy;
			containerPortal = 02186A8B2AD5FE4900230740 /* Project object */;
			proxyType = 1;
			remoteGlobalIDString = 02186A922AD5FE4900230740;
			remoteInfo = GarbageCalculator;
		};
		02186AB42AD5FE4A00230740 /* PBXContainerItemProxy */ = {
			isa = PBXContainerItemProxy;
			containerPortal = 02186A8B2AD5FE4900230740 /* Project object */;
			proxyType = 1;
			remoteGlobalIDString = 02186A922AD5FE4900230740;
			remoteInfo = GarbageCalculator;
		};
/* End PBXContainerItemProxy section */

/* Begin PBXFileReference section */
		02186A932AD5FE4900230740 /* GarbageCalculator.app */ = {isa = PBXFileReference; explicitFileType = wrapper.application; includeInIndex = 0; path = GarbageCalculator.app; sourceTree = BUILT_PRODUCTS_DIR; };
		02186A962AD5FE4900230740 /* AppDelegate.swift */ = {isa = PBXFileReference; lastKnownFileType = sourcecode.swift; path = AppDelegate.swift; sourceTree = "<group>"; };
		02186A982AD5FE4900230740 /* SceneDelegate.swift */ = {isa = PBXFileReference; lastKnownFileType = sourcecode.swift; path = SceneDelegate.swift; sourceTree = "<group>"; };
		02186A9A2AD5FE4900230740 /* ViewController.swift */ = {isa = PBXFileReference; lastKnownFileType = sourcecode.swift; path = ViewController.swift; sourceTree = "<group>"; };
		02186A9D2AD5FE4900230740 /* Base */ = {isa = PBXFileReference; lastKnownFileType = file.storyboard; name = Base; path = Base.lproj/Main.storyboard; sourceTree = "<group>"; };
		02186A9F2AD5FE4A00230740 /* Assets.xcassets */ = {isa = PBXFileReference; lastKnownFileType = folder.assetcatalog; path = Assets.xcassets; sourceTree = "<group>"; };
		02186AA22AD5FE4A00230740 /* Base */ = {isa = PBXFileReference; lastKnownFileType = file.storyboard; name = Base; path = Base.lproj/LaunchScreen.storyboard; sourceTree = "<group>"; };
		02186AA42AD5FE4A00230740 /* Info.plist */ = {isa = PBXFileReference; lastKnownFileType = text.plist.xml; path = Info.plist; sourceTree = "<group>"; };
		02186AA92AD5FE4A00230740 /* GarbageCalculatorTests.xctest */ = {isa = PBXFileReference; explicitFileType = wrapper.cfbundle; includeInIndex = 0; path = GarbageCalculatorTests.xctest; sourceTree = BUILT_PRODUCTS_DIR; };
		02186AAD2AD5FE4A00230740 /* GarbageCalculatorTests.swift */ = {isa = PBXFileReference; lastKnownFileType = sourcecode.swift; path = GarbageCalculatorTests.swift; sourceTree = "<group>"; };
		02186AB32AD5FE4A00230740 /* GarbageCalculatorUITests.xctest */ = {isa = PBXFileReference; explicitFileType = wrapper.cfbundle; includeInIndex = 0; path = GarbageCalculatorUITests.xctest; sourceTree = BUILT_PRODUCTS_DIR; };
		02186AB72AD5FE4A00230740 /* GarbageCalculatorUITests.swift */ = {isa = PBXFileReference; lastKnownFileType = sourcecode.swift; path = GarbageCalculatorUITests.swift; sourceTree = "<group>"; };
		02186AB92AD5FE4A00230740 /* GarbageCalculatorUITestsLaunchTests.swift */ = {isa = PBXFileReference; lastKnownFileType = sourcecode.swift; path = GarbageCalculatorUITestsLaunchTests.swift; sourceTree = "<group>"; };
/* End PBXFileReference section */

/* Begin PBXFrameworksBuildPhase section */
		02186A902AD5FE4900230740 /* Frameworks */ = {
			isa = PBXFrameworksBuildPhase;
			buildActionMask = 2147483647;
			files = (
			);
			runOnlyForDeploymentPostprocessing = 0;
		};
		02186AA62AD5FE4A00230740 /* Frameworks */ = {
			isa = PBXFrameworksBuildPhase;
			buildActionMask = 2147483647;
			files = (
			);
			runOnlyForDeploymentPostprocessing = 0;
		};
		02186AB02AD5FE4A00230740 /* Frameworks */ = {
			isa = PBXFrameworksBuildPhase;
			buildActionMask = 2147483647;
			files = (
			);
			runOnlyForDeploymentPostprocessing = 0;
		};
/* End PBXFrameworksBuildPhase section */

/* Begin PBXGroup section */
		02186A8A2AD5FE4900230740 = {
			isa = PBXGroup;
			children = (
				02186A952AD5FE4900230740 /* GarbageCalculator */,
				02186AAC2AD5FE4A00230740 /* GarbageCalculatorTests */,
				02186AB62AD5FE4A00230740 /* GarbageCalculatorUITests */,
				02186A942AD5FE4900230740 /* Products */,
			);
			sourceTree = "<group>";
		};
		02186A942AD5FE4900230740 /* Products */ = {
			isa = PBXGroup;
			children = (
				02186A932AD5FE4900230740 /* GarbageCalculator.app */,
				02186AA92AD5FE4A00230740 /* GarbageCalculatorTests.xctest */,
				02186AB32AD5FE4A00230740 /* GarbageCalculatorUITests.xctest */,
			);
			name = Products;
			sourceTree = "<group>";
		};
		02186A952AD5FE4900230740 /* GarbageCalculator */ = {
			isa = PBXGroup;
			children = (
				02186A962AD5FE4900230740 /* AppDelegate.swift */,
				02186A982AD5FE4900230740 /* SceneDelegate.swift */,
				02186A9A2AD5FE4900230740 /* ViewController.swift */,
				02186A9C2AD5FE4900230740 /* Main.storyboard */,
				02186A9F2AD5FE4A00230740 /* Assets.xcassets */,
				02186AA12AD5FE4A00230740 /* LaunchScreen.storyboard */,
				02186AA42AD5FE4A00230740 /* Info.plist */,
			);
			path = GarbageCalculator;
			sourceTree = "<group>";
		};
		02186AAC2AD5FE4A00230740 /* GarbageCalculatorTests */ = {
			isa = PBXGroup;
			children = (
				02186AAD2AD5FE4A00230740 /* GarbageCalculatorTests.swift */,
			);
			path = GarbageCalculatorTests;
			sourceTree = "<group>";
		};
		02186AB62AD5FE4A00230740 /* GarbageCalculatorUITests */ = {
			isa = PBXGroup;
			children = (
				02186AB72AD5FE4A00230740 /* GarbageCalculatorUITests.swift */,
				02186AB92AD5FE4A00230740 /* GarbageCalculatorUITestsLaunchTests.swift */,
			);
			path = GarbageCalculatorUITests;
			sourceTree = "<group>";
		};
/* End PBXGroup section */

/* Begin PBXNativeTarget section */
		02186A922AD5FE4900230740 /* GarbageCalculator */ = {
			isa = PBXNativeTarget;
			buildConfigurationList = 02186ABD2AD5FE4A00230740 /* Build configuration list for PBXNativeTarget "GarbageCalculator" */;
			buildPhases = (
				02186A8F2AD5FE4900230740 /* Sources */,
				02186A902AD5FE4900230740 /* Frameworks */,
				02186A912AD5FE4900230740 /* Resources */,
			);
			buildRules = (
			);
			dependencies = (
			);
			name = GarbageCalculator;
			productName = GarbageCalculator;
			productReference = 02186A932AD5FE4900230740 /* GarbageCalculator.app */;
			productType = "com.apple.product-type.application";
		};
		02186AA82AD5FE4A00230740 /* GarbageCalculatorTests */ = {
			isa = PBXNativeTarget;
			buildConfigurationList = 02186AC02AD5FE4A00230740 /* Build configuration list for PBXNativeTarget "GarbageCalculatorTests" */;
			buildPhases = (
				02186AA52AD5FE4A00230740 /* Sources */,
				02186AA62AD5FE4A00230740 /* Frameworks */,
				02186AA72AD5FE4A00230740 /* Resources */,
			);
			buildRules = (
			);
			dependencies = (
				02186AAB2AD5FE4A00230740 /* PBXTargetDependency */,
			);
			name = GarbageCalculatorTests;
			productName = GarbageCalculatorTests;
			productReference = 02186AA92AD5FE4A00230740 /* GarbageCalculatorTests.xctest */;
			productType = "com.apple.product-type.bundle.unit-test";
		};
		02186AB22AD5FE4A00230740 /* GarbageCalculatorUITests */ = {
			isa = PBXNativeTarget;
			buildConfigurationList = 02186AC32AD5FE4A00230740 /* Build configuration list for PBXNativeTarget "GarbageCalculatorUITests" */;
			buildPhases = (
				02186AAF2AD5FE4A00230740 /* Sources */,
				02186AB02AD5FE4A00230740 /* Frameworks */,
				02186AB12AD5FE4A00230740 /* Resources */,
			);
			buildRules = (
			);
			dependencies = (
				02186AB52AD5FE4A00230740 /* PBXTargetDependency */,
			);
			name = GarbageCalculatorUITests;
			productName = GarbageCalculatorUITests;
			productReference = 02186AB32AD5FE4A00230740 /* GarbageCalculatorUITests.xctest */;
			productType = "com.apple.product-type.bundle.ui-testing";
		};
/* End PBXNativeTarget section */

/* Begin PBXProject section */
		02186A8B2AD5FE4900230740 /* Project object */ = {
			isa = PBXProject;
			attributes = {
				BuildIndependentTargetsInParallel = 1;
				LastSwiftUpdateCheck = 1500;
				LastUpgradeCheck = 1500;
				TargetAttributes = {
					02186A922AD5FE4900230740 = {
						CreatedOnToolsVersion = 15.0;
					};
					02186AA82AD5FE4A00230740 = {
						CreatedOnToolsVersion = 15.0;
						TestTargetID = 02186A922AD5FE4900230740;
					};
					02186AB22AD5FE4A00230740 = {
						CreatedOnToolsVersion = 15.0;
						TestTargetID = 02186A922AD5FE4900230740;
					};
				};
			};
			buildConfigurationList = 02186A8E2AD5FE4900230740 /* Build configuration list for PBXProject "GarbageCalculator" */;
			compatibilityVersion = "Xcode 14.0";
			developmentRegion = en;
			hasScannedForEncodings = 0;
			knownRegions = (
				en,
				Base,
			);
			mainGroup = 02186A8A2AD5FE4900230740;
			productRefGroup = 02186A942AD5FE4900230740 /* Products */;
			projectDirPath = "";
			projectRoot = "";
			targets = (
				02186A922AD5FE4900230740 /* GarbageCalculator */,
				02186AA82AD5FE4A00230740 /* GarbageCalculatorTests */,
				02186AB22AD5FE4A00230740 /* GarbageCalculatorUITests */,
			);
		};
/* End PBXProject section */

/* Begin PBXResourcesBuildPhase section */
		02186A912AD5FE4900230740 /* Resources */ = {
			isa = PBXResourcesBuildPhase;
			buildActionMask = 2147483647;
			files = (
				02186AA32AD5FE4A00230740 /* LaunchScreen.storyboard in Resources */,
				02186AA02AD5FE4A00230740 /* Assets.xcassets in Resources */,
				02186A9E2AD5FE4900230740 /* Main.storyboard in Resources */,
			);
			runOnlyForDeploymentPostprocessing = 0;
		};
		02186AA72AD5FE4A00230740 /* Resources */ = {
			isa = PBXResourcesBuildPhase;
			buildActionMask = 2147483647;
			files = (
			);
			runOnlyForDeploymentPostprocessing = 0;
		};
		02186AB12AD5FE4A00230740 /* Resources */ = {
			isa = PBXResourcesBuildPhase;
			buildActionMask = 2147483647;
			files = (
			);
			runOnlyForDeploymentPostprocessing = 0;
		};
/* End PBXResourcesBuildPhase section */

/* Begin PBXSourcesBuildPhase section */
		02186A8F2AD5FE4900230740 /* Sources */ = {
			isa = PBXSourcesBuildPhase;
			buildActionMask = 2147483647;
			files = (
				02186A9B2AD5FE4900230740 /* ViewController.swift in Sources */,
				02186A972AD5FE4900230740 /* AppDelegate.swift in Sources */,
				02186A992AD5FE4900230740 /* SceneDelegate.swift in Sources */,
			);
			runOnlyForDeploymentPostprocessing = 0;
		};
		02186AA52AD5FE4A00230740 /* Sources */ = {
			isa = PBXSourcesBuildPhase;
			buildActionMask = 2147483647;
			files = (
				02186AAE2AD5FE4A00230740 /* GarbageCalculatorTests.swift in Sources */,
			);
			runOnlyForDeploymentPostprocessing = 0;
		};
		02186AAF2AD5FE4A00230740 /* Sources */ = {
			isa = PBXSourcesBuildPhase;
			buildActionMask = 2147483647;
			files = (
				02186ABA2AD5FE4A00230740 /* GarbageCalculatorUITestsLaunchTests.swift in Sources */,
				02186AB82AD5FE4A00230740 /* GarbageCalculatorUITests.swift in Sources */,
			);
			runOnlyForDeploymentPostprocessing = 0;
		};
/* End PBXSourcesBuildPhase section */

/* Begin PBXTargetDependency section */
		02186AAB2AD5FE4A00230740 /* PBXTargetDependency */ = {
			isa = PBXTargetDependency;
			target = 02186A922AD5FE4900230740 /* GarbageCalculator */;
			targetProxy = 02186AAA2AD5FE4A00230740 /* PBXContainerItemProxy */;
		};
		02186AB52AD5FE4A00230740 /* PBXTargetDependency */ = {
			isa = PBXTargetDependency;
			target = 02186A922AD5FE4900230740 /* GarbageCalculator */;
			targetProxy = 02186AB42AD5FE4A00230740 /* PBXContainerItemProxy */;
		};
/* End PBXTargetDependency section */

/* Begin PBXVariantGroup section */
		02186A9C2AD5FE4900230740 /* Main.storyboard */ = {
			isa = PBXVariantGroup;
			children = (
				02186A9D2AD5FE4900230740 /* Base */,
			);
			name = Main.storyboard;
			sourceTree = "<group>";
		};
		02186AA12AD5FE4A00230740 /* LaunchScreen.storyboard */ = {
			isa = PBXVariantGroup;
			children = (
				02186AA22AD5FE4A00230740 /* Base */,
			);
			name = LaunchScreen.storyboard;
			sourceTree = "<group>";
		};
/* End PBXVariantGroup section */

/* Begin XCBuildConfiguration section */
		02186ABB2AD5FE4A00230740 /* Debug */ = {
			isa = XCBuildConfiguration;
			buildSettings = {
				ALWAYS_SEARCH_USER_PATHS = NO;
				ASSETCATALOG_COMPILER_GENERATE_SWIFT_ASSET_SYMBOL_EXTENSIONS = YES;
				CLANG_ANALYZER_NONNULL = YES;
				CLANG_ANALYZER_NUMBER_OBJECT_CONVERSION = YES_AGGRESSIVE;
				CLANG_CXX_LANGUAGE_STANDARD = "gnu++20";
				CLANG_ENABLE_MODULES = YES;
				CLANG_ENABLE_OBJC_ARC = YES;
				CLANG_ENABLE_OBJC_WEAK = YES;
				CLANG_WARN_BLOCK_CAPTURE_AUTORELEASING = YES;
				CLANG_WARN_BOOL_CONVERSION = YES;
				CLANG_WARN_COMMA = YES;
				CLANG_WARN_CONSTANT_CONVERSION = YES;
				CLANG_WARN_DEPRECATED_OBJC_IMPLEMENTATIONS = YES;
				CLANG_WARN_DIRECT_OBJC_ISA_USAGE = YES_ERROR;
				CLANG_WARN_DOCUMENTATION_COMMENTS = YES;
				CLANG_WARN_EMPTY_BODY = YES;
				CLANG_WARN_ENUM_CONVERSION = YES;
				CLANG_WARN_INFINITE_RECURSION = YES;
				CLANG_WARN_INT_CONVERSION = YES;
				CLANG_WARN_NON_LITERAL_NULL_CONVERSION = YES;
				CLANG_WARN_OBJC_IMPLICIT_RETAIN_SELF = YES;
				CLANG_WARN_OBJC_LITERAL_CONVERSION = YES;
				CLANG_WARN_OBJC_ROOT_CLASS = YES_ERROR;
				CLANG_WARN_QUOTED_INCLUDE_IN_FRAMEWORK_HEADER = YES;
				CLANG_WARN_RANGE_LOOP_ANALYSIS = YES;
				CLANG_WARN_STRICT_PROTOTYPES = YES;
				CLANG_WARN_SUSPICIOUS_MOVE = YES;
				CLANG_WARN_UNGUARDED_AVAILABILITY = YES_AGGRESSIVE;
				CLANG_WARN_UNREACHABLE_CODE = YES;
				CLANG_WARN__DUPLICATE_METHOD_MATCH = YES;
				COPY_PHASE_STRIP = NO;
				DEBUG_INFORMATION_FORMAT = dwarf;
				ENABLE_STRICT_OBJC_MSGSEND = YES;
				ENABLE_TESTABILITY = YES;
				ENABLE_USER_SCRIPT_SANDBOXING = YES;
				GCC_C_LANGUAGE_STANDARD = gnu17;
				GCC_DYNAMIC_NO_PIC = NO;
				GCC_NO_COMMON_BLOCKS = YES;
				GCC_OPTIMIZATION_LEVEL = 0;
				GCC_PREPROCESSOR_DEFINITIONS = (
					"DEBUG=1",
					"$(inherited)",
				);
				GCC_WARN_64_TO_32_BIT_CONVERSION = YES;
				GCC_WARN_ABOUT_RETURN_TYPE = YES_ERROR;
				GCC_WARN_UNDECLARED_SELECTOR = YES;
				GCC_WARN_UNINITIALIZED_AUTOS = YES_AGGRESSIVE;
				GCC_WARN_UNUSED_FUNCTION = YES;
				GCC_WARN_UNUSED_VARIABLE = YES;
				IPHONEOS_DEPLOYMENT_TARGET = 17.0;
				LOCALIZATION_PREFERS_STRING_CATALOGS = YES;
				MTL_ENABLE_DEBUG_INFO = INCLUDE_SOURCE;
				MTL_FAST_MATH = YES;
				ONLY_ACTIVE_ARCH = YES;
				SDKROOT = iphoneos;
				SWIFT_ACTIVE_COMPILATION_CONDITIONS = "DEBUG $(inherited)";
				SWIFT_OPTIMIZATION_LEVEL = "-Onone";
			};
			name = Debug;
		};
		02186ABC2AD5FE4A00230740 /* Release */ = {
			isa = XCBuildConfiguration;
			buildSettings = {
				ALWAYS_SEARCH_USER_PATHS = NO;
				ASSETCATALOG_COMPILER_GENERATE_SWIFT_ASSET_SYMBOL_EXTENSIONS = YES;
				CLANG_ANALYZER_NONNULL = YES;
				CLANG_ANALYZER_NUMBER_OBJECT_CONVERSION = YES_AGGRESSIVE;
				CLANG_CXX_LANGUAGE_STANDARD = "gnu++20";
				CLANG_ENABLE_MODULES = YES;
				CLANG_ENABLE_OBJC_ARC = YES;
				CLANG_ENABLE_OBJC_WEAK = YES;
				CLANG_WARN_BLOCK_CAPTURE_AUTORELEASING = YES;
				CLANG_WARN_BOOL_CONVERSION = YES;
				CLANG_WARN_COMMA = YES;
				CLANG_WARN_CONSTANT_CONVERSION = YES;
				CLANG_WARN_DEPRECATED_OBJC_IMPLEMENTATIONS = YES;
				CLANG_WARN_DIRECT_OBJC_ISA_USAGE = YES_ERROR;
				CLANG_WARN_DOCUMENTATION_COMMENTS = YES;
				CLANG_WARN_EMPTY_BODY = YES;
				CLANG_WARN_ENUM_CONVERSION = YES;
				CLANG_WARN_INFINITE_RECURSION = YES;
				CLANG_WARN_INT_CONVERSION = YES;
				CLANG_WARN_NON_LITERAL_NULL_CONVERSION = YES;
				CLANG_WARN_OBJC_IMPLICIT_RETAIN_SELF = YES;
				CLANG_WARN_OBJC_LITERAL_CONVERSION = YES;
				CLANG_WARN_OBJC_ROOT_CLASS = YES_ERROR;
				CLANG_WARN_QUOTED_INCLUDE_IN_FRAMEWORK_HEADER = YES;
				CLANG_WARN_RANGE_LOOP_ANALYSIS = YES;
				CLANG_WARN_STRICT_PROTOTYPES = YES;
				CLANG_WARN_SUSPICIOUS_MOVE = YES;
				CLANG_WARN_UNGUARDED_AVAILABILITY = YES_AGGRESSIVE;
				CLANG_WARN_UNREACHABLE_CODE = YES;
				CLANG_WARN__DUPLICATE_METHOD_MATCH = YES;
				COPY_PHASE_STRIP = NO;
				DEBUG_INFORMATION_FORMAT = "dwarf-with-dsym";
				ENABLE_NS_ASSERTIONS = NO;
				ENABLE_STRICT_OBJC_MSGSEND = YES;
				ENABLE_USER_SCRIPT_SANDBOXING = YES;
				GCC_C_LANGUAGE_STANDARD = gnu17;
				GCC_NO_COMMON_BLOCKS = YES;
				GCC_WARN_64_TO_32_BIT_CONVERSION = YES;
				GCC_WARN_ABOUT_RETURN_TYPE = YES_ERROR;
				GCC_WARN_UNDECLARED_SELECTOR = YES;
				GCC_WARN_UNINITIALIZED_AUTOS = YES_AGGRESSIVE;
				GCC_WARN_UNUSED_FUNCTION = YES;
				GCC_WARN_UNUSED_VARIABLE = YES;
				IPHONEOS_DEPLOYMENT_TARGET = 17.0;
				LOCALIZATION_PREFERS_STRING_CATALOGS = YES;
				MTL_ENABLE_DEBUG_INFO = NO;
				MTL_FAST_MATH = YES;
				SDKROOT = iphoneos;
				SWIFT_COMPILATION_MODE = wholemodule;
				VALIDATE_PRODUCT = YES;
			};
			name = Release;
		};
		02186ABE2AD5FE4A00230740 /* Debug */ = {
			isa = XCBuildConfiguration;
			buildSettings = {
				ASSETCATALOG_COMPILER_APPICON_NAME = AppIcon;
				ASSETCATALOG_COMPILER_GLOBAL_ACCENT_COLOR_NAME = AccentColor;
				CODE_SIGN_STYLE = Automatic;
				CURRENT_PROJECT_VERSION = 1;
				GENERATE_INFOPLIST_FILE = YES;
				INFOPLIST_FILE = GarbageCalculator/Info.plist;
				INFOPLIST_KEY_UIApplicationSupportsIndirectInputEvents = YES;
				INFOPLIST_KEY_UILaunchStoryboardName = LaunchScreen;
				INFOPLIST_KEY_UIMainStoryboardFile = Main;
				INFOPLIST_KEY_UISupportedInterfaceOrientations_iPad = "UIInterfaceOrientationPortrait UIInterfaceOrientationPortraitUpsideDown UIInterfaceOrientationLandscapeLeft UIInterfaceOrientationLandscapeRight";
				INFOPLIST_KEY_UISupportedInterfaceOrientations_iPhone = "UIInterfaceOrientationPortrait UIInterfaceOrientationLandscapeLeft UIInterfaceOrientationLandscapeRight";
				LD_RUNPATH_SEARCH_PATHS = (
					"$(inherited)",
					"@executable_path/Frameworks",
				);
				MARKETING_VERSION = 1.0;
				PRODUCT_BUNDLE_IDENTIFIER = tiisde.GarbageCalculator;
				PRODUCT_NAME = "$(TARGET_NAME)";
				SWIFT_EMIT_LOC_STRINGS = YES;
				SWIFT_VERSION = 5.0;
				TARGETED_DEVICE_FAMILY = "1,2";
			};
			name = Debug;
		};
		02186ABF2AD5FE4A00230740 /* Release */ = {
			isa = XCBuildConfiguration;
			buildSettings = {
				ASSETCATALOG_COMPILER_APPICON_NAME = AppIcon;
				ASSETCATALOG_COMPILER_GLOBAL_ACCENT_COLOR_NAME = AccentColor;
				CODE_SIGN_STYLE = Automatic;
				CURRENT_PROJECT_VERSION = 1;
				GENERATE_INFOPLIST_FILE = YES;
				INFOPLIST_FILE = GarbageCalculator/Info.plist;
				INFOPLIST_KEY_UIApplicationSupportsIndirectInputEvents = YES;
				INFOPLIST_KEY_UILaunchStoryboardName = LaunchScreen;
				INFOPLIST_KEY_UIMainStoryboardFile = Main;
				INFOPLIST_KEY_UISupportedInterfaceOrientations_iPad = "UIInterfaceOrientationPortrait UIInterfaceOrientationPortraitUpsideDown UIInterfaceOrientationLandscapeLeft UIInterfaceOrientationLandscapeRight";
				INFOPLIST_KEY_UISupportedInterfaceOrientations_iPhone = "UIInterfaceOrientationPortrait UIInterfaceOrientationLandscapeLeft UIInterfaceOrientationLandscapeRight";
				LD_RUNPATH_SEARCH_PATHS = (
					"$(inherited)",
					"@executable_path/Frameworks",
				);
				MARKETING_VERSION = 1.0;
				PRODUCT_BUNDLE_IDENTIFIER = tiisde.GarbageCalculator;
				PRODUCT_NAME = "$(TARGET_NAME)";
				SWIFT_EMIT_LOC_STRINGS = YES;
				SWIFT_VERSION = 5.0;
				TARGETED_DEVICE_FAMILY = "1,2";
			};
			name = Release;
		};
		02186AC12AD5FE4A00230740 /* Debug */ = {
			isa = XCBuildConfiguration;
			buildSettings = {
				ALWAYS_EMBED_SWIFT_STANDARD_LIBRARIES = YES;
				BUNDLE_LOADER = "$(TEST_HOST)";
				CODE_SIGN_STYLE = Automatic;
				CURRENT_PROJECT_VERSION = 1;
				GENERATE_INFOPLIST_FILE = YES;
				IPHONEOS_DEPLOYMENT_TARGET = 17.0;
				MARKETING_VERSION = 1.0;
				PRODUCT_BUNDLE_IDENTIFIER = tiisde.GarbageCalculatorTests;
				PRODUCT_NAME = "$(TARGET_NAME)";
				SWIFT_EMIT_LOC_STRINGS = NO;
				SWIFT_VERSION = 5.0;
				TARGETED_DEVICE_FAMILY = "1,2";
				TEST_HOST = "$(BUILT_PRODUCTS_DIR)/GarbageCalculator.app/$(BUNDLE_EXECUTABLE_FOLDER_PATH)/GarbageCalculator";
			};
			name = Debug;
		};
		02186AC22AD5FE4A00230740 /* Release */ = {
			isa = XCBuildConfiguration;
			buildSettings = {
				ALWAYS_EMBED_SWIFT_STANDARD_LIBRARIES = YES;
				BUNDLE_LOADER = "$(TEST_HOST)";
				CODE_SIGN_STYLE = Automatic;
				CURRENT_PROJECT_VERSION = 1;
				GENERATE_INFOPLIST_FILE = YES;
				IPHONEOS_DEPLOYMENT_TARGET = 17.0;
				MARKETING_VERSION = 1.0;
				PRODUCT_BUNDLE_IDENTIFIER = tiisde.GarbageCalculatorTests;
				PRODUCT_NAME = "$(TARGET_NAME)";
				SWIFT_EMIT_LOC_STRINGS = NO;
				SWIFT_VERSION = 5.0;
				TARGETED_DEVICE_FAMILY = "1,2";
				TEST_HOST = "$(BUILT_PRODUCTS_DIR)/GarbageCalculator.app/$(BUNDLE_EXECUTABLE_FOLDER_PATH)/GarbageCalculator";
			};
			name = Release;
		};
		02186AC42AD5FE4A00230740 /* Debug */ = {
			isa = XCBuildConfiguration;
			buildSettings = {
				ALWAYS_EMBED_SWIFT_STANDARD_LIBRARIES = YES;
				CODE_SIGN_STYLE = Automatic;
				CURRENT_PROJECT_VERSION = 1;
				GENERATE_INFOPLIST_FILE = YES;
				MARKETING_VERSION = 1.0;
				PRODUCT_BUNDLE_IDENTIFIER = tiisde.GarbageCalculatorUITests;
				PRODUCT_NAME = "$(TARGET_NAME)";
				SWIFT_EMIT_LOC_STRINGS = NO;
				SWIFT_VERSION = 5.0;
				TARGETED_DEVICE_FAMILY = "1,2";
				TEST_TARGET_NAME = GarbageCalculator;
			};
			name = Debug;
		};
		02186AC52AD5FE4A00230740 /* Release */ = {
			isa = XCBuildConfiguration;
			buildSettings = {
				ALWAYS_EMBED_SWIFT_STANDARD_LIBRARIES = YES;
				CODE_SIGN_STYLE = Automatic;
				CURRENT_PROJECT_VERSION = 1;
				GENERATE_INFOPLIST_FILE = YES;
				MARKETING_VERSION = 1.0;
				PRODUCT_BUNDLE_IDENTIFIER = tiisde.GarbageCalculatorUITests;
				PRODUCT_NAME = "$(TARGET_NAME)";
				SWIFT_EMIT_LOC_STRINGS = NO;
				SWIFT_VERSION = 5.0;
				TARGETED_DEVICE_FAMILY = "1,2";
				TEST_TARGET_NAME = GarbageCalculator;
			};
			name = Release;
		};
/* End XCBuildConfiguration section */

/* Begin XCConfigurationList section */
		02186A8E2AD5FE4900230740 /* Build configuration list for PBXProject "GarbageCalculator" */ = {
			isa = XCConfigurationList;
			buildConfigurations = (
				02186ABB2AD5FE4A00230740 /* Debug */,
				02186ABC2AD5FE4A00230740 /* Release */,
			);
			defaultConfigurationIsVisible = 0;
			defaultConfigurationName = Release;
		};
		02186ABD2AD5FE4A00230740 /* Build configuration list for PBXNativeTarget "GarbageCalculator" */ = {
			isa = XCConfigurationList;
			buildConfigurations = (
				02186ABE2AD5FE4A00230740 /* Debug */,
				02186ABF2AD5FE4A00230740 /* Release */,
			);
			defaultConfigurationIsVisible = 0;
			defaultConfigurationName = Release;
		};
		02186AC02AD5FE4A00230740 /* Build configuration list for PBXNativeTarget "GarbageCalculatorTests" */ = {
			isa = XCConfigurationList;
			buildConfigurations = (
				02186AC12AD5FE4A00230740 /* Debug */,
				02186AC22AD5FE4A00230740 /* Release */,
			);
			defaultConfigurationIsVisible = 0;
			defaultConfigurationName = Release;
		};
		02186AC32AD5FE4A00230740 /* Build configuration list for PBXNativeTarget "GarbageCalculatorUITests" */ = {
			isa = XCConfigurationList;
			buildConfigurations = (
				02186AC42AD5FE4A00230740 /* Debug */,
				02186AC52AD5FE4A00230740 /* Release */,
			);
			defaultConfigurationIsVisible = 0;
			defaultConfigurationName = Release;
		};
/* End XCConfigurationList section */
	};
	rootObject = 02186A8B2AD5FE4900230740 /* Project object */;
}
